// !$*UTF8*$!
{
	archiveVersion = 1;
	classes = {
	};
	objectVersion = 45;
	objects = {

/* Begin PBXBuildFile section */
		1D60589F0D05DD5A006BFB54 /* Foundation.framework in Frameworks */ = {isa = PBXBuildFile; fileRef = 1D30AB110D05D00D00671497 /* Foundation.framework */; };
		1DF5F4E00D08C38300B7A737 /* UIKit.framework in Frameworks */ = {isa = PBXBuildFile; fileRef = 1DF5F4DF0D08C38300B7A737 /* UIKit.framework */; };
		1e06a14544b806ba3bd9b07dd473fbe2 /* TriangleApp.mm in Sources */ = {isa = PBXBuildFile; fileRef = 03541b492cf4ac16398eac639a4074fe /* TriangleApp.mm */; };
		246cd2f0cb1c43677ece71ae20309d66 /* MonitorApp.mm in Sources */ = {isa = PBXBuildFile; fileRef = 71fc31075165cfab0b3cf8eec7133b06 /* MonitorApp.mm */; };
		288765FD0DF74451002DB57D /* CoreGraphics.framework in Frameworks */ = {isa = PBXBuildFile; fileRef = 288765FC0DF74451002DB57D /* CoreGraphics.framework */; };
		31eb65020afd43eb9bb9110d474ec825 /* SquareAppViewController.mm in Sources */ = {isa = PBXBuildFile; fileRef = f774603582f14839ec94720dfc1f8fe2 /* SquareAppViewController.mm */; };
		332a20e07fee542c03b49c8c54423c5a /* MonitorAppViewController.mm in Sources */ = {isa = PBXBuildFile; fileRef = c0311397df47c8d95320d150c7d23d65 /* MonitorAppViewController.mm */; };
		5326AEA810A23A0500278DE6 /* CoreLocation.framework in Frameworks */ = {isa = PBXBuildFile; fileRef = 5326AEA710A23A0500278DE6 /* CoreLocation.framework */; };
		53F323EB10A20EDB00E0DAE4 /* OpenAL.framework in Frameworks */ = {isa = PBXBuildFile; fileRef = 53F323EA10A20EDB00E0DAE4 /* OpenAL.framework */; };
		5770AD821687EDE100B7E565 /* IconCamera.png in Resources */ = {isa = PBXBuildFile; fileRef = 5770AD801687EDE100B7E565 /* IconCamera.png */; };
		5770AD831687EDE100B7E565 /* IconMonitor.png in Resources */ = {isa = PBXBuildFile; fileRef = 5770AD811687EDE100B7E565 /* IconMonitor.png */; };
		5770AD9E1687FB5700B7E565 /* ofkOSCcommunicator.cpp in Sources */ = {isa = PBXBuildFile; fileRef = 5770AD9C1687FB5700B7E565 /* ofkOSCcommunicator.cpp */; };
		5770ADA11687FB6B00B7E565 /* IPAddress.c in Sources */ = {isa = PBXBuildFile; fileRef = 5770AD9F1687FB6B00B7E565 /* IPAddress.c */; };
		5770ADA61687FB7300B7E565 /* ofkUDPjpegReceiver.cpp in Sources */ = {isa = PBXBuildFile; fileRef = 5770ADA21687FB7300B7E565 /* ofkUDPjpegReceiver.cpp */; };
		5770ADA71687FB7300B7E565 /* ofkUDPjpegSender.cpp in Sources */ = {isa = PBXBuildFile; fileRef = 5770ADA41687FB7300B7E565 /* ofkUDPjpegSender.cpp */; };
		5770AE1A1687FC3E00B7E565 /* Instructions.txt in Resources */ = {isa = PBXBuildFile; fileRef = 5770ADAF1687FC3E00B7E565 /* Instructions.txt */; };
		5770AE1B1687FC3E00B7E565 /* install.xml in Resources */ = {isa = PBXBuildFile; fileRef = 5770ADB01687FC3E00B7E565 /* install.xml */; };
		5770AE1C1687FC3E00B7E565 /* ofxTCPClient.cpp in Sources */ = {isa = PBXBuildFile; fileRef = 5770ADB41687FC3E00B7E565 /* ofxTCPClient.cpp */; };
		5770AE1D1687FC3E00B7E565 /* ofxTCPManager.cpp in Sources */ = {isa = PBXBuildFile; fileRef = 5770ADB61687FC3E00B7E565 /* ofxTCPManager.cpp */; };
		5770AE1E1687FC3E00B7E565 /* ofxTCPServer.cpp in Sources */ = {isa = PBXBuildFile; fileRef = 5770ADB81687FC3E00B7E565 /* ofxTCPServer.cpp */; };
		5770AE1F1687FC3E00B7E565 /* ofxUDPManager.cpp in Sources */ = {isa = PBXBuildFile; fileRef = 5770ADBA1687FC3E00B7E565 /* ofxUDPManager.cpp */; };
		5770AE201687FC3E00B7E565 /* install.xml in Resources */ = {isa = PBXBuildFile; fileRef = 5770ADBD1687FC3E00B7E565 /* install.xml */; };
		5770AE211687FC3E00B7E565 /* IpEndpointName.cpp in Sources */ = {isa = PBXBuildFile; fileRef = 5770ADC21687FC3E00B7E565 /* IpEndpointName.cpp */; };
		5770AE221687FC3E00B7E565 /* NetworkingUtils.cpp in Sources */ = {isa = PBXBuildFile; fileRef = 5770ADC71687FC3E00B7E565 /* NetworkingUtils.cpp */; };
		5770AE231687FC3E00B7E565 /* UdpSocket.cpp in Sources */ = {isa = PBXBuildFile; fileRef = 5770ADC81687FC3E00B7E565 /* UdpSocket.cpp */; };
		5770AE241687FC3E00B7E565 /* NetworkingUtilsWin.cpp in Sources */ = {isa = PBXBuildFile; fileRef = 5770ADCC1687FC3E00B7E565 /* NetworkingUtilsWin.cpp */; };
		5770AE251687FC3E00B7E565 /* UdpSocketWin.cpp in Sources */ = {isa = PBXBuildFile; fileRef = 5770ADCD1687FC3E00B7E565 /* UdpSocketWin.cpp */; };
		5770AE261687FC3E00B7E565 /* OscOutboundPacketStream.cpp in Sources */ = {isa = PBXBuildFile; fileRef = 5770ADD21687FC3E00B7E565 /* OscOutboundPacketStream.cpp */; };
		5770AE271687FC3E00B7E565 /* OscPrintReceivedElements.cpp in Sources */ = {isa = PBXBuildFile; fileRef = 5770ADD51687FC3E00B7E565 /* OscPrintReceivedElements.cpp */; };
		5770AE281687FC3E00B7E565 /* OscReceivedElements.cpp in Sources */ = {isa = PBXBuildFile; fileRef = 5770ADD71687FC3E00B7E565 /* OscReceivedElements.cpp */; };
		5770AE291687FC3E00B7E565 /* OscTypes.cpp in Sources */ = {isa = PBXBuildFile; fileRef = 5770ADD91687FC3E00B7E565 /* OscTypes.cpp */; };
		5770AE2A1687FC3E00B7E565 /* ofxOscBundle.cpp in Sources */ = {isa = PBXBuildFile; fileRef = 5770ADDE1687FC3E00B7E565 /* ofxOscBundle.cpp */; };
		5770AE2B1687FC3E00B7E565 /* ofxOscMessage.cpp in Sources */ = {isa = PBXBuildFile; fileRef = 5770ADE01687FC3E00B7E565 /* ofxOscMessage.cpp */; };
		5770AE2C1687FC3E00B7E565 /* ofxOscReceiver.cpp in Sources */ = {isa = PBXBuildFile; fileRef = 5770ADE21687FC3E00B7E565 /* ofxOscReceiver.cpp */; };
		5770AE2D1687FC3E00B7E565 /* ofxOscSender.cpp in Sources */ = {isa = PBXBuildFile; fileRef = 5770ADE41687FC3E00B7E565 /* ofxOscSender.cpp */; };
		5770AE2E1687FC3E00B7E565 /* README in Resources */ = {isa = PBXBuildFile; fileRef = 5770ADE71687FC3E00B7E565 /* README */; };
		5770AE2F1687FC3E00B7E565 /* tinyxml.cpp in Sources */ = {isa = PBXBuildFile; fileRef = 5770AE131687FC3E00B7E565 /* tinyxml.cpp */; };
		5770AE301687FC3E00B7E565 /* tinyxmlerror.cpp in Sources */ = {isa = PBXBuildFile; fileRef = 5770AE151687FC3E00B7E565 /* tinyxmlerror.cpp */; };
		5770AE311687FC3E00B7E565 /* tinyxmlparser.cpp in Sources */ = {isa = PBXBuildFile; fileRef = 5770AE161687FC3E00B7E565 /* tinyxmlparser.cpp */; };
		5770AE321687FC3E00B7E565 /* ofxXmlSettings.cpp in Sources */ = {isa = PBXBuildFile; fileRef = 5770AE181687FC3E00B7E565 /* ofxXmlSettings.cpp */; };
		578AF869168B53C200966660 /* NavigationBar.png in Resources */ = {isa = PBXBuildFile; fileRef = 578AF868168B53C200966660 /* NavigationBar.png */; };
		57B4DD02168CB1AE00991F73 /* ofkXMLProperties.mm in Sources */ = {isa = PBXBuildFile; fileRef = 57B4DD00168CB1AE00991F73 /* ofkXMLProperties.mm */; };
		57B4DD0F168F22AD00991F73 /* mySettings.xml in Resources */ = {isa = PBXBuildFile; fileRef = 57B4DD0E168F22AD00991F73 /* mySettings.xml */; };
		57B4DD30168F34AC00991F73 /* CameraSettingViewController.m in Sources */ = {isa = PBXBuildFile; fileRef = 57B4DD2E168F34AC00991F73 /* CameraSettingViewController.m */; };
		57B4DD31168F34AC00991F73 /* CameraSettingViewController.xib in Resources */ = {isa = PBXBuildFile; fileRef = 57B4DD2F168F34AC00991F73 /* CameraSettingViewController.xib */; };
		57D7336E16876AA600C35F39 /* MyAppViewController.mm in Sources */ = {isa = PBXBuildFile; fileRef = 9d72247cca22d4bc4b743aaba3d84492 /* MyAppViewController.mm */; };
		57E29FE916875D450020E1AA /* Default-568h@2x.png in Resources */ = {isa = PBXBuildFile; fileRef = 57E29FE816875D450020E1AA /* Default-568h@2x.png */; };
		6e463de882372a0c94e26f83dcdab6ff /* CameraAppViewController.mm in Sources */ = {isa = PBXBuildFile; fileRef = d6e099cc42bfd340c5443385a6446439 /* CameraAppViewController.mm */; };
		BB16EBD20F2B2A9500518274 /* OpenGLES.framework in Frameworks */ = {isa = PBXBuildFile; fileRef = BB16EBD10F2B2A9500518274 /* OpenGLES.framework */; };
		BB16EBD90F2B2AB500518274 /* QuartzCore.framework in Frameworks */ = {isa = PBXBuildFile; fileRef = BB16EBD80F2B2AB500518274 /* QuartzCore.framework */; };
		BB24DD8F10DA77E000E9C588 /* Default.png in Resources */ = {isa = PBXBuildFile; fileRef = BB24DD8C10DA77E000E9C588 /* Default.png */; };
		BB24DD9010DA77E000E9C588 /* Icon.png in Resources */ = {isa = PBXBuildFile; fileRef = BB24DD8D10DA77E000E9C588 /* Icon.png */; };
		BB24DDCA10DA781C00E9C588 /* ofxiphone-Info.plist in Resources */ = {isa = PBXBuildFile; fileRef = BB24DDC910DA781C00E9C588 /* ofxiphone-Info.plist */; };
		BBE5EAB80F49AD8400F28951 /* AudioToolbox.framework in Frameworks */ = {isa = PBXBuildFile; fileRef = BBE5EAB70F49AD8400F28951 /* AudioToolbox.framework */; };
		E41D3ED713B38FB500A75A5D /* Project.xcconfig in Resources */ = {isa = PBXBuildFile; fileRef = E41D3ED613B38FB500A75A5D /* Project.xcconfig */; };
		E41D3EE613B3906D00A75A5D /* CoreOF.xcconfig in Resources */ = {isa = PBXBuildFile; fileRef = E41D3EE513B3906D00A75A5D /* CoreOF.xcconfig */; };
		E41D400B13B39D2100A75A5D /* AVFoundation.framework in Frameworks */ = {isa = PBXBuildFile; fileRef = E41D400613B39D2100A75A5D /* AVFoundation.framework */; };
		E41D400C13B39D2100A75A5D /* CoreMedia.framework in Frameworks */ = {isa = PBXBuildFile; fileRef = E41D400713B39D2100A75A5D /* CoreMedia.framework */; };
		E41D400D13B39D2100A75A5D /* CoreVideo.framework in Frameworks */ = {isa = PBXBuildFile; fileRef = E41D400813B39D2100A75A5D /* CoreVideo.framework */; };
		E41D400E13B39D2100A75A5D /* MapKit.framework in Frameworks */ = {isa = PBXBuildFile; fileRef = E41D400913B39D2100A75A5D /* MapKit.framework */; };
		E41D421413B3A95300A75A5D /* libofxiPhone_iphoneos_Debug.a in Frameworks */ = {isa = PBXBuildFile; fileRef = E41D410213B3A0D800A75A5D /* libofxiPhone_iphoneos_Debug.a */; };
		E4A823A412561BE3002F86A2 /* CoreGraphics.framework in Frameworks */ = {isa = PBXBuildFile; fileRef = E4A823A312561BE3002F86A2 /* CoreGraphics.framework */; };
		E4D8936E11527B74007E1F53 /* main.mm in Sources */ = {isa = PBXBuildFile; fileRef = E4D8936B11527B74007E1F53 /* main.mm */; };
		E4D8936F11527B74007E1F53 /* testApp.mm in Sources */ = {isa = PBXBuildFile; fileRef = E4D8936D11527B74007E1F53 /* testApp.mm */; };
		a174c6d42676e95effe6cf975bd859f8 /* CameraApp.mm in Sources */ = {isa = PBXBuildFile; fileRef = c6fb3183fe800241a844e5b8f108096e /* CameraApp.mm */; };
		a55613c24c4db9a6dc49d77252278811 /* MyAppDelegate.mm in Sources */ = {isa = PBXBuildFile; fileRef = 8627beb34192f6eb415db55d1218034b /* MyAppDelegate.mm */; };
		df485cdc1f163264b57d1f8f94975b25 /* SquareApp.mm in Sources */ = {isa = PBXBuildFile; fileRef = cc2d7e64d3607df56d90a48cfa29e2b9 /* SquareApp.mm */; };
		eb3f29c0ac4a650781ebce6fd86a5281 /* TriangleAppViewController.mm in Sources */ = {isa = PBXBuildFile; fileRef = af53838286224473cb38ba4e02ad77b6 /* TriangleAppViewController.mm */; };
/* End PBXBuildFile section */

/* Begin PBXContainerItemProxy section */
		E41D410113B3A0D800A75A5D /* PBXContainerItemProxy */ = {
			isa = PBXContainerItemProxy;
			containerPortal = E41D40FD13B3A0D800A75A5D /* iOS+OFLib.xcodeproj */;
			proxyType = 2;
			remoteGlobalIDString = BB24DED610DA7A3F00E9C588;
			remoteInfo = "iPhone+OF Static Library";
		};
		E41D410313B3A11300A75A5D /* PBXContainerItemProxy */ = {
			isa = PBXContainerItemProxy;
			containerPortal = E41D40FD13B3A0D800A75A5D /* iOS+OFLib.xcodeproj */;
			proxyType = 1;
			remoteGlobalIDString = BB24DE5C10DA7A3F00E9C588;
			remoteInfo = "iPhone+OF Static Library";
		};
/* End PBXContainerItemProxy section */

/* Begin PBXFileReference section */
		03541b492cf4ac16398eac639a4074fe /* TriangleApp.mm */ = {isa = PBXFileReference; explicitFileType = sourcecode.cpp.objcpp; fileEncoding = 30; name = TriangleApp.mm; path = src/Apps/TriangleApp.mm; sourceTree = SOURCE_ROOT; };
		1D30AB110D05D00D00671497 /* Foundation.framework */ = {isa = PBXFileReference; lastKnownFileType = wrapper.framework; name = Foundation.framework; path = System/Library/Frameworks/Foundation.framework; sourceTree = SDKROOT; };
		1D6058910D05DD3D006BFB54 /* BabyMonitor.app */ = {isa = PBXFileReference; explicitFileType = wrapper.application; includeInIndex = 0; path = BabyMonitor.app; sourceTree = BUILT_PRODUCTS_DIR; };
		1DF5F4DF0D08C38300B7A737 /* UIKit.framework */ = {isa = PBXFileReference; lastKnownFileType = wrapper.framework; name = UIKit.framework; path = System/Library/Frameworks/UIKit.framework; sourceTree = SDKROOT; };
		288765FC0DF74451002DB57D /* CoreGraphics.framework */ = {isa = PBXFileReference; lastKnownFileType = wrapper.framework; name = CoreGraphics.framework; path = System/Library/Frameworks/CoreGraphics.framework; sourceTree = SDKROOT; };
		2ff2f6fcbd2c5f44b78526d1f0662913 /* MonitorApp.h */ = {isa = PBXFileReference; explicitFileType = sourcecode.c.h; fileEncoding = 30; name = MonitorApp.h; path = src/Apps/MonitorApp.h; sourceTree = SOURCE_ROOT; };
		32CA4F630368D1EE00C91783 /* iPhone_Prefix.pch */ = {isa = PBXFileReference; fileEncoding = 4; lastKnownFileType = sourcecode.c.h; path = iPhone_Prefix.pch; sourceTree = "<group>"; };
		3342984c510e960b5253ae789de2e83c /* MyAppDelegate.h */ = {isa = PBXFileReference; explicitFileType = sourcecode.c.h; fileEncoding = 30; name = MyAppDelegate.h; path = src/UI/MyAppDelegate.h; sourceTree = SOURCE_ROOT; };
		49dc6aa509ee56fd1cd4fd2c79d72331 /* SquareAppViewController.h */ = {isa = PBXFileReference; explicitFileType = sourcecode.c.h; fileEncoding = 30; name = SquareAppViewController.h; path = src/AppViewControllers/SquareAppViewController.h; sourceTree = SOURCE_ROOT; };
		4e2f89308412dde555dee1a432947b79 /* SquareApp.h */ = {isa = PBXFileReference; explicitFileType = sourcecode.c.h; fileEncoding = 30; name = SquareApp.h; path = src/Apps/SquareApp.h; sourceTree = SOURCE_ROOT; };
		5326AEA710A23A0500278DE6 /* CoreLocation.framework */ = {isa = PBXFileReference; lastKnownFileType = wrapper.framework; name = CoreLocation.framework; path = System/Library/Frameworks/CoreLocation.framework; sourceTree = SDKROOT; };
		53F323EA10A20EDB00E0DAE4 /* OpenAL.framework */ = {isa = PBXFileReference; lastKnownFileType = wrapper.framework; name = OpenAL.framework; path = System/Library/Frameworks/OpenAL.framework; sourceTree = SDKROOT; };
		5770AD801687EDE100B7E565 /* IconCamera.png */ = {isa = PBXFileReference; lastKnownFileType = image.png; name = IconCamera.png; path = bin/data/UI/IconCamera.png; sourceTree = "<group>"; };
		5770AD811687EDE100B7E565 /* IconMonitor.png */ = {isa = PBXFileReference; lastKnownFileType = image.png; name = IconMonitor.png; path = bin/data/UI/IconMonitor.png; sourceTree = "<group>"; };
		5770AD9C1687FB5700B7E565 /* ofkOSCcommunicator.cpp */ = {isa = PBXFileReference; fileEncoding = 4; lastKnownFileType = sourcecode.cpp.cpp; name = ofkOSCcommunicator.cpp; path = ../../../../../ofkTools/ofkOSCcommunicator.cpp; sourceTree = "<group>"; };
		5770AD9D1687FB5700B7E565 /* ofkOSCcommunicator.h */ = {isa = PBXFileReference; fileEncoding = 4; lastKnownFileType = sourcecode.c.h; name = ofkOSCcommunicator.h; path = ../../../../../ofkTools/ofkOSCcommunicator.h; sourceTree = "<group>"; };
		5770AD9F1687FB6B00B7E565 /* IPAddress.c */ = {isa = PBXFileReference; fileEncoding = 4; lastKnownFileType = sourcecode.c.c; name = IPAddress.c; path = ../../../../../ofkTools/IPAddress.c; sourceTree = "<group>"; };
		5770ADA01687FB6B00B7E565 /* IPAddress.h */ = {isa = PBXFileReference; fileEncoding = 4; lastKnownFileType = sourcecode.c.h; name = IPAddress.h; path = ../../../../../ofkTools/IPAddress.h; sourceTree = "<group>"; };
		5770ADA21687FB7300B7E565 /* ofkUDPjpegReceiver.cpp */ = {isa = PBXFileReference; fileEncoding = 4; lastKnownFileType = sourcecode.cpp.cpp; name = ofkUDPjpegReceiver.cpp; path = ../../../../../ofkTools/ofkUDPjpegReceiver.cpp; sourceTree = "<group>"; };
		5770ADA31687FB7300B7E565 /* ofkUDPjpegReceiver.h */ = {isa = PBXFileReference; fileEncoding = 4; lastKnownFileType = sourcecode.c.h; name = ofkUDPjpegReceiver.h; path = ../../../../../ofkTools/ofkUDPjpegReceiver.h; sourceTree = "<group>"; };
		5770ADA41687FB7300B7E565 /* ofkUDPjpegSender.cpp */ = {isa = PBXFileReference; fileEncoding = 4; lastKnownFileType = sourcecode.cpp.cpp; name = ofkUDPjpegSender.cpp; path = ../../../../../ofkTools/ofkUDPjpegSender.cpp; sourceTree = "<group>"; };
		5770ADA51687FB7300B7E565 /* ofkUDPjpegSender.h */ = {isa = PBXFileReference; fileEncoding = 4; lastKnownFileType = sourcecode.c.h; name = ofkUDPjpegSender.h; path = ../../../../../ofkTools/ofkUDPjpegSender.h; sourceTree = "<group>"; };
		5770ADAF1687FC3E00B7E565 /* Instructions.txt */ = {isa = PBXFileReference; fileEncoding = 4; lastKnownFileType = text; path = Instructions.txt; sourceTree = "<group>"; };
		5770ADB01687FC3E00B7E565 /* install.xml */ = {isa = PBXFileReference; fileEncoding = 4; lastKnownFileType = text.xml; path = install.xml; sourceTree = "<group>"; };
		5770ADB21687FC3E00B7E565 /* ofxNetwork.h */ = {isa = PBXFileReference; fileEncoding = 4; lastKnownFileType = sourcecode.c.h; path = ofxNetwork.h; sourceTree = "<group>"; };
		5770ADB31687FC3E00B7E565 /* ofxNetworkUtils.h */ = {isa = PBXFileReference; fileEncoding = 4; lastKnownFileType = sourcecode.c.h; path = ofxNetworkUtils.h; sourceTree = "<group>"; };
		5770ADB41687FC3E00B7E565 /* ofxTCPClient.cpp */ = {isa = PBXFileReference; fileEncoding = 4; lastKnownFileType = sourcecode.cpp.cpp; path = ofxTCPClient.cpp; sourceTree = "<group>"; };
		5770ADB51687FC3E00B7E565 /* ofxTCPClient.h */ = {isa = PBXFileReference; fileEncoding = 4; lastKnownFileType = sourcecode.c.h; path = ofxTCPClient.h; sourceTree = "<group>"; };
		5770ADB61687FC3E00B7E565 /* ofxTCPManager.cpp */ = {isa = PBXFileReference; fileEncoding = 4; lastKnownFileType = sourcecode.cpp.cpp; path = ofxTCPManager.cpp; sourceTree = "<group>"; };
		5770ADB71687FC3E00B7E565 /* ofxTCPManager.h */ = {isa = PBXFileReference; fileEncoding = 4; lastKnownFileType = sourcecode.c.h; path = ofxTCPManager.h; sourceTree = "<group>"; };
		5770ADB81687FC3E00B7E565 /* ofxTCPServer.cpp */ = {isa = PBXFileReference; fileEncoding = 4; lastKnownFileType = sourcecode.cpp.cpp; path = ofxTCPServer.cpp; sourceTree = "<group>"; };
		5770ADB91687FC3E00B7E565 /* ofxTCPServer.h */ = {isa = PBXFileReference; fileEncoding = 4; lastKnownFileType = sourcecode.c.h; path = ofxTCPServer.h; sourceTree = "<group>"; };
		5770ADBA1687FC3E00B7E565 /* ofxUDPManager.cpp */ = {isa = PBXFileReference; fileEncoding = 4; lastKnownFileType = sourcecode.cpp.cpp; path = ofxUDPManager.cpp; sourceTree = "<group>"; };
		5770ADBB1687FC3E00B7E565 /* ofxUDPManager.h */ = {isa = PBXFileReference; fileEncoding = 4; lastKnownFileType = sourcecode.c.h; path = ofxUDPManager.h; sourceTree = "<group>"; };
		5770ADBD1687FC3E00B7E565 /* install.xml */ = {isa = PBXFileReference; fileEncoding = 4; lastKnownFileType = text.xml; path = install.xml; sourceTree = "<group>"; };
		5770ADC21687FC3E00B7E565 /* IpEndpointName.cpp */ = {isa = PBXFileReference; fileEncoding = 4; lastKnownFileType = sourcecode.cpp.cpp; path = IpEndpointName.cpp; sourceTree = "<group>"; };
		5770ADC31687FC3E00B7E565 /* IpEndpointName.h */ = {isa = PBXFileReference; fileEncoding = 4; lastKnownFileType = sourcecode.c.h; path = IpEndpointName.h; sourceTree = "<group>"; };
		5770ADC41687FC3E00B7E565 /* NetworkingUtils.h */ = {isa = PBXFileReference; fileEncoding = 4; lastKnownFileType = sourcecode.c.h; path = NetworkingUtils.h; sourceTree = "<group>"; };
		5770ADC51687FC3E00B7E565 /* PacketListener.h */ = {isa = PBXFileReference; fileEncoding = 4; lastKnownFileType = sourcecode.c.h; path = PacketListener.h; sourceTree = "<group>"; };
		5770ADC71687FC3E00B7E565 /* NetworkingUtils.cpp */ = {isa = PBXFileReference; fileEncoding = 4; lastKnownFileType = sourcecode.cpp.cpp; path = NetworkingUtils.cpp; sourceTree = "<group>"; };
		5770ADC81687FC3E00B7E565 /* UdpSocket.cpp */ = {isa = PBXFileReference; fileEncoding = 4; lastKnownFileType = sourcecode.cpp.cpp; path = UdpSocket.cpp; sourceTree = "<group>"; };
		5770ADC91687FC3E00B7E565 /* TimerListener.h */ = {isa = PBXFileReference; fileEncoding = 4; lastKnownFileType = sourcecode.c.h; path = TimerListener.h; sourceTree = "<group>"; };
		5770ADCA1687FC3E00B7E565 /* UdpSocket.h */ = {isa = PBXFileReference; fileEncoding = 4; lastKnownFileType = sourcecode.c.h; path = UdpSocket.h; sourceTree = "<group>"; };
		5770ADCC1687FC3E00B7E565 /* NetworkingUtilsWin.cpp */ = {isa = PBXFileReference; fileEncoding = 4; lastKnownFileType = sourcecode.cpp.cpp; path = NetworkingUtilsWin.cpp; sourceTree = "<group>"; };
		5770ADCD1687FC3E00B7E565 /* UdpSocketWin.cpp */ = {isa = PBXFileReference; fileEncoding = 4; lastKnownFileType = sourcecode.cpp.cpp; path = UdpSocketWin.cpp; sourceTree = "<group>"; };
		5770ADCF1687FC3E00B7E565 /* MessageMappingOscPacketListener.h */ = {isa = PBXFileReference; fileEncoding = 4; lastKnownFileType = sourcecode.c.h; path = MessageMappingOscPacketListener.h; sourceTree = "<group>"; };
		5770ADD01687FC3E00B7E565 /* OscException.h */ = {isa = PBXFileReference; fileEncoding = 4; lastKnownFileType = sourcecode.c.h; path = OscException.h; sourceTree = "<group>"; };
		5770ADD11687FC3E00B7E565 /* OscHostEndianness.h */ = {isa = PBXFileReference; fileEncoding = 4; lastKnownFileType = sourcecode.c.h; path = OscHostEndianness.h; sourceTree = "<group>"; };
		5770ADD21687FC3E00B7E565 /* OscOutboundPacketStream.cpp */ = {isa = PBXFileReference; fileEncoding = 4; lastKnownFileType = sourcecode.cpp.cpp; path = OscOutboundPacketStream.cpp; sourceTree = "<group>"; };
		5770ADD31687FC3E00B7E565 /* OscOutboundPacketStream.h */ = {isa = PBXFileReference; fileEncoding = 4; lastKnownFileType = sourcecode.c.h; path = OscOutboundPacketStream.h; sourceTree = "<group>"; };
		5770ADD41687FC3E00B7E565 /* OscPacketListener.h */ = {isa = PBXFileReference; fileEncoding = 4; lastKnownFileType = sourcecode.c.h; path = OscPacketListener.h; sourceTree = "<group>"; };
		5770ADD51687FC3E00B7E565 /* OscPrintReceivedElements.cpp */ = {isa = PBXFileReference; fileEncoding = 4; lastKnownFileType = sourcecode.cpp.cpp; path = OscPrintReceivedElements.cpp; sourceTree = "<group>"; };
		5770ADD61687FC3E00B7E565 /* OscPrintReceivedElements.h */ = {isa = PBXFileReference; fileEncoding = 4; lastKnownFileType = sourcecode.c.h; path = OscPrintReceivedElements.h; sourceTree = "<group>"; };
		5770ADD71687FC3E00B7E565 /* OscReceivedElements.cpp */ = {isa = PBXFileReference; fileEncoding = 4; lastKnownFileType = sourcecode.cpp.cpp; path = OscReceivedElements.cpp; sourceTree = "<group>"; };
		5770ADD81687FC3E00B7E565 /* OscReceivedElements.h */ = {isa = PBXFileReference; fileEncoding = 4; lastKnownFileType = sourcecode.c.h; path = OscReceivedElements.h; sourceTree = "<group>"; };
		5770ADD91687FC3E00B7E565 /* OscTypes.cpp */ = {isa = PBXFileReference; fileEncoding = 4; lastKnownFileType = sourcecode.cpp.cpp; path = OscTypes.cpp; sourceTree = "<group>"; };
		5770ADDA1687FC3E00B7E565 /* OscTypes.h */ = {isa = PBXFileReference; fileEncoding = 4; lastKnownFileType = sourcecode.c.h; path = OscTypes.h; sourceTree = "<group>"; };
		5770ADDC1687FC3E00B7E565 /* ofxOsc.h */ = {isa = PBXFileReference; fileEncoding = 4; lastKnownFileType = sourcecode.c.h; path = ofxOsc.h; sourceTree = "<group>"; };
		5770ADDD1687FC3E00B7E565 /* ofxOscArg.h */ = {isa = PBXFileReference; fileEncoding = 4; lastKnownFileType = sourcecode.c.h; path = ofxOscArg.h; sourceTree = "<group>"; };
		5770ADDE1687FC3E00B7E565 /* ofxOscBundle.cpp */ = {isa = PBXFileReference; fileEncoding = 4; lastKnownFileType = sourcecode.cpp.cpp; path = ofxOscBundle.cpp; sourceTree = "<group>"; };
		5770ADDF1687FC3E00B7E565 /* ofxOscBundle.h */ = {isa = PBXFileReference; fileEncoding = 4; lastKnownFileType = sourcecode.c.h; path = ofxOscBundle.h; sourceTree = "<group>"; };
		5770ADE01687FC3E00B7E565 /* ofxOscMessage.cpp */ = {isa = PBXFileReference; fileEncoding = 4; lastKnownFileType = sourcecode.cpp.cpp; path = ofxOscMessage.cpp; sourceTree = "<group>"; };
		5770ADE11687FC3E00B7E565 /* ofxOscMessage.h */ = {isa = PBXFileReference; fileEncoding = 4; lastKnownFileType = sourcecode.c.h; path = ofxOscMessage.h; sourceTree = "<group>"; };
		5770ADE21687FC3E00B7E565 /* ofxOscReceiver.cpp */ = {isa = PBXFileReference; fileEncoding = 4; lastKnownFileType = sourcecode.cpp.cpp; path = ofxOscReceiver.cpp; sourceTree = "<group>"; };
		5770ADE31687FC3E00B7E565 /* ofxOscReceiver.h */ = {isa = PBXFileReference; fileEncoding = 4; lastKnownFileType = sourcecode.c.h; path = ofxOscReceiver.h; sourceTree = "<group>"; };
		5770ADE41687FC3E00B7E565 /* ofxOscSender.cpp */ = {isa = PBXFileReference; fileEncoding = 4; lastKnownFileType = sourcecode.cpp.cpp; path = ofxOscSender.cpp; sourceTree = "<group>"; };
		5770ADE51687FC3E00B7E565 /* ofxOscSender.h */ = {isa = PBXFileReference; fileEncoding = 4; lastKnownFileType = sourcecode.c.h; path = ofxOscSender.h; sourceTree = "<group>"; };
		5770ADE71687FC3E00B7E565 /* README */ = {isa = PBXFileReference; fileEncoding = 4; lastKnownFileType = text; path = README; sourceTree = "<group>"; };
		5770ADE91687FC3E00B7E565 /* ofxUI.h */ = {isa = PBXFileReference; fileEncoding = 4; lastKnownFileType = sourcecode.c.h; path = ofxUI.h; sourceTree = "<group>"; };
		5770ADEA1687FC3E00B7E565 /* ofxUI2DPad.h */ = {isa = PBXFileReference; fileEncoding = 4; lastKnownFileType = sourcecode.c.h; path = ofxUI2DPad.h; sourceTree = "<group>"; };
		5770ADEB1687FC3E00B7E565 /* ofxUIBiLabelSlider.h */ = {isa = PBXFileReference; fileEncoding = 4; lastKnownFileType = sourcecode.c.h; path = ofxUIBiLabelSlider.h; sourceTree = "<group>"; };
		5770ADEC1687FC3E00B7E565 /* ofxUIButton.h */ = {isa = PBXFileReference; fileEncoding = 4; lastKnownFileType = sourcecode.c.h; path = ofxUIButton.h; sourceTree = "<group>"; };
		5770ADED1687FC3E00B7E565 /* ofxUICanvas.h */ = {isa = PBXFileReference; fileEncoding = 4; lastKnownFileType = sourcecode.c.h; path = ofxUICanvas.h; sourceTree = "<group>"; };
		5770ADEE1687FC3E00B7E565 /* ofxUICircleSlider.h */ = {isa = PBXFileReference; fileEncoding = 4; lastKnownFileType = sourcecode.c.h; path = ofxUICircleSlider.h; sourceTree = "<group>"; };
		5770ADEF1687FC3E00B7E565 /* ofxUICustomImageButton.h */ = {isa = PBXFileReference; fileEncoding = 4; lastKnownFileType = sourcecode.c.h; path = ofxUICustomImageButton.h; sourceTree = "<group>"; };
		5770ADF01687FC3E00B7E565 /* ofxUIDropDownList.h */ = {isa = PBXFileReference; fileEncoding = 4; lastKnownFileType = sourcecode.c.h; path = ofxUIDropDownList.h; sourceTree = "<group>"; };
		5770ADF11687FC3E00B7E565 /* ofxUIEventArgs.h */ = {isa = PBXFileReference; fileEncoding = 4; lastKnownFileType = sourcecode.c.h; path = ofxUIEventArgs.h; sourceTree = "<group>"; };
		5770ADF21687FC3E00B7E565 /* ofxUIFPS.h */ = {isa = PBXFileReference; fileEncoding = 4; lastKnownFileType = sourcecode.c.h; path = ofxUIFPS.h; sourceTree = "<group>"; };
		5770ADF31687FC3E00B7E565 /* ofxUIFPSSlider.h */ = {isa = PBXFileReference; fileEncoding = 4; lastKnownFileType = sourcecode.c.h; path = ofxUIFPSSlider.h; sourceTree = "<group>"; };
		5770ADF41687FC3E00B7E565 /* ofxUIImage.h */ = {isa = PBXFileReference; fileEncoding = 4; lastKnownFileType = sourcecode.c.h; path = ofxUIImage.h; sourceTree = "<group>"; };
		5770ADF51687FC3E00B7E565 /* ofxUIImageButton.h */ = {isa = PBXFileReference; fileEncoding = 4; lastKnownFileType = sourcecode.c.h; path = ofxUIImageButton.h; sourceTree = "<group>"; };
		5770ADF61687FC3E00B7E565 /* ofxUIImageSampler.h */ = {isa = PBXFileReference; fileEncoding = 4; lastKnownFileType = sourcecode.c.h; path = ofxUIImageSampler.h; sourceTree = "<group>"; };
		5770ADF71687FC3E00B7E565 /* ofxUIImageSlider.h */ = {isa = PBXFileReference; fileEncoding = 4; lastKnownFileType = sourcecode.c.h; path = ofxUIImageSlider.h; sourceTree = "<group>"; };
		5770ADF81687FC3E00B7E565 /* ofxUIImageToggle.h */ = {isa = PBXFileReference; fileEncoding = 4; lastKnownFileType = sourcecode.c.h; path = ofxUIImageToggle.h; sourceTree = "<group>"; };
		5770ADF91687FC3E00B7E565 /* ofxUILabel.h */ = {isa = PBXFileReference; fileEncoding = 4; lastKnownFileType = sourcecode.c.h; path = ofxUILabel.h; sourceTree = "<group>"; };
		5770ADFA1687FC3E00B7E565 /* ofxUILabelButton.h */ = {isa = PBXFileReference; fileEncoding = 4; lastKnownFileType = sourcecode.c.h; path = ofxUILabelButton.h; sourceTree = "<group>"; };
		5770ADFB1687FC3E00B7E565 /* ofxUILabelToggle.h */ = {isa = PBXFileReference; fileEncoding = 4; lastKnownFileType = sourcecode.c.h; path = ofxUILabelToggle.h; sourceTree = "<group>"; };
		5770ADFC1687FC3E00B7E565 /* ofxUIMinimalSlider.h */ = {isa = PBXFileReference; fileEncoding = 4; lastKnownFileType = sourcecode.c.h; path = ofxUIMinimalSlider.h; sourceTree = "<group>"; };
		5770ADFD1687FC3E00B7E565 /* ofxUIMovingGraph.h */ = {isa = PBXFileReference; fileEncoding = 4; lastKnownFileType = sourcecode.c.h; path = ofxUIMovingGraph.h; sourceTree = "<group>"; };
		5770ADFE1687FC3E00B7E565 /* ofxUIMultiImageButton.h */ = {isa = PBXFileReference; fileEncoding = 4; lastKnownFileType = sourcecode.c.h; path = ofxUIMultiImageButton.h; sourceTree = "<group>"; };
		5770ADFF1687FC3E00B7E565 /* ofxUIMultiImageSlider.h */ = {isa = PBXFileReference; fileEncoding = 4; lastKnownFileType = sourcecode.c.h; path = ofxUIMultiImageSlider.h; sourceTree = "<group>"; };
		5770AE001687FC3E00B7E565 /* ofxUIMultiImageToggle.h */ = {isa = PBXFileReference; fileEncoding = 4; lastKnownFileType = sourcecode.c.h; path = ofxUIMultiImageToggle.h; sourceTree = "<group>"; };
		5770AE011687FC3E00B7E565 /* ofxUINumberDialer.h */ = {isa = PBXFileReference; fileEncoding = 4; lastKnownFileType = sourcecode.c.h; path = ofxUINumberDialer.h; sourceTree = "<group>"; };
		5770AE021687FC3E00B7E565 /* ofxUIRadio.h */ = {isa = PBXFileReference; fileEncoding = 4; lastKnownFileType = sourcecode.c.h; path = ofxUIRadio.h; sourceTree = "<group>"; };
		5770AE031687FC3E00B7E565 /* ofxUIRangeSlider.h */ = {isa = PBXFileReference; fileEncoding = 4; lastKnownFileType = sourcecode.c.h; path = ofxUIRangeSlider.h; sourceTree = "<group>"; };
		5770AE041687FC3E00B7E565 /* ofxUIRectangle.h */ = {isa = PBXFileReference; fileEncoding = 4; lastKnownFileType = sourcecode.c.h; path = ofxUIRectangle.h; sourceTree = "<group>"; };
		5770AE051687FC3E00B7E565 /* ofxUIRotarySlider.h */ = {isa = PBXFileReference; fileEncoding = 4; lastKnownFileType = sourcecode.c.h; path = ofxUIRotarySlider.h; sourceTree = "<group>"; };
		5770AE061687FC3E00B7E565 /* ofxUIScrollableCanvas.h */ = {isa = PBXFileReference; fileEncoding = 4; lastKnownFileType = sourcecode.c.h; path = ofxUIScrollableCanvas.h; sourceTree = "<group>"; };
		5770AE071687FC3E00B7E565 /* ofxUISlider.h */ = {isa = PBXFileReference; fileEncoding = 4; lastKnownFileType = sourcecode.c.h; path = ofxUISlider.h; sourceTree = "<group>"; };
		5770AE081687FC3E00B7E565 /* ofxUISpacer.h */ = {isa = PBXFileReference; fileEncoding = 4; lastKnownFileType = sourcecode.c.h; path = ofxUISpacer.h; sourceTree = "<group>"; };
		5770AE091687FC3E00B7E565 /* ofxUISpectrum.h */ = {isa = PBXFileReference; fileEncoding = 4; lastKnownFileType = sourcecode.c.h; path = ofxUISpectrum.h; sourceTree = "<group>"; };
		5770AE0A1687FC3E00B7E565 /* ofxUITextArea.h */ = {isa = PBXFileReference; fileEncoding = 4; lastKnownFileType = sourcecode.c.h; path = ofxUITextArea.h; sourceTree = "<group>"; };
		5770AE0B1687FC3E00B7E565 /* ofxUITextInput.h */ = {isa = PBXFileReference; fileEncoding = 4; lastKnownFileType = sourcecode.c.h; path = ofxUITextInput.h; sourceTree = "<group>"; };
		5770AE0C1687FC3E00B7E565 /* ofxUIToggle.h */ = {isa = PBXFileReference; fileEncoding = 4; lastKnownFileType = sourcecode.c.h; path = ofxUIToggle.h; sourceTree = "<group>"; };
		5770AE0D1687FC3E00B7E565 /* ofxUIToggleMatrix.h */ = {isa = PBXFileReference; fileEncoding = 4; lastKnownFileType = sourcecode.c.h; path = ofxUIToggleMatrix.h; sourceTree = "<group>"; };
		5770AE0E1687FC3E00B7E565 /* ofxUIWaveform.h */ = {isa = PBXFileReference; fileEncoding = 4; lastKnownFileType = sourcecode.c.h; path = ofxUIWaveform.h; sourceTree = "<group>"; };
		5770AE0F1687FC3E00B7E565 /* ofxUIWidget.h */ = {isa = PBXFileReference; fileEncoding = 4; lastKnownFileType = sourcecode.c.h; path = ofxUIWidget.h; sourceTree = "<group>"; };
		5770AE101687FC3E00B7E565 /* ofxUIWidgetWithLabel.h */ = {isa = PBXFileReference; fileEncoding = 4; lastKnownFileType = sourcecode.c.h; path = ofxUIWidgetWithLabel.h; sourceTree = "<group>"; };
		5770AE131687FC3E00B7E565 /* tinyxml.cpp */ = {isa = PBXFileReference; fileEncoding = 4; lastKnownFileType = sourcecode.cpp.cpp; path = tinyxml.cpp; sourceTree = "<group>"; };
		5770AE141687FC3E00B7E565 /* tinyxml.h */ = {isa = PBXFileReference; fileEncoding = 4; lastKnownFileType = sourcecode.c.h; path = tinyxml.h; sourceTree = "<group>"; };
		5770AE151687FC3E00B7E565 /* tinyxmlerror.cpp */ = {isa = PBXFileReference; fileEncoding = 4; lastKnownFileType = sourcecode.cpp.cpp; path = tinyxmlerror.cpp; sourceTree = "<group>"; };
		5770AE161687FC3E00B7E565 /* tinyxmlparser.cpp */ = {isa = PBXFileReference; fileEncoding = 4; lastKnownFileType = sourcecode.cpp.cpp; path = tinyxmlparser.cpp; sourceTree = "<group>"; };
		5770AE181687FC3E00B7E565 /* ofxXmlSettings.cpp */ = {isa = PBXFileReference; fileEncoding = 4; lastKnownFileType = sourcecode.cpp.cpp; path = ofxXmlSettings.cpp; sourceTree = "<group>"; };
		5770AE191687FC3E00B7E565 /* ofxXmlSettings.h */ = {isa = PBXFileReference; fileEncoding = 4; lastKnownFileType = sourcecode.c.h; path = ofxXmlSettings.h; sourceTree = "<group>"; };
		578AF868168B53C200966660 /* NavigationBar.png */ = {isa = PBXFileReference; lastKnownFileType = image.png; name = NavigationBar.png; path = bin/data/UI/NavigationBar.png; sourceTree = "<group>"; };
		57B4DD00168CB1AE00991F73 /* ofkXMLProperties.mm */ = {isa = PBXFileReference; fileEncoding = 4; lastKnownFileType = sourcecode.cpp.objcpp; name = ofkXMLProperties.mm; path = ../../../../../ofkTools/ofkXMLProperties.mm; sourceTree = "<group>"; };
		57B4DD01168CB1AE00991F73 /* ofkXMLProperties.h */ = {isa = PBXFileReference; fileEncoding = 4; lastKnownFileType = sourcecode.c.h; name = ofkXMLProperties.h; path = ../../../../../ofkTools/ofkXMLProperties.h; sourceTree = "<group>"; };
		57B4DD0E168F22AD00991F73 /* mySettings.xml */ = {isa = PBXFileReference; fileEncoding = 4; lastKnownFileType = text.xml; name = mySettings.xml; path = bin/data/mySettings.xml; sourceTree = "<group>"; };
		57B4DD2D168F34AC00991F73 /* CameraSettingViewController.h */ = {isa = PBXFileReference; fileEncoding = 4; lastKnownFileType = sourcecode.c.h; name = CameraSettingViewController.h; path = AppViewControllers/CameraSettingViewController.h; sourceTree = "<group>"; };
		57B4DD2E168F34AC00991F73 /* CameraSettingViewController.m */ = {isa = PBXFileReference; fileEncoding = 4; lastKnownFileType = sourcecode.c.objc; name = CameraSettingViewController.m; path = AppViewControllers/CameraSettingViewController.m; sourceTree = "<group>"; };
		57B4DD2F168F34AC00991F73 /* CameraSettingViewController.xib */ = {isa = PBXFileReference; fileEncoding = 4; lastKnownFileType = file.xib; name = CameraSettingViewController.xib; path = AppViewControllers/CameraSettingViewController.xib; sourceTree = "<group>"; };
		57E29FC1168755FB0020E1AA /* UIKit.framework */ = {isa = PBXFileReference; lastKnownFileType = wrapper.framework; name = UIKit.framework; path = System/Library/Frameworks/UIKit.framework; sourceTree = SDKROOT; };
		57E29FC3168755FB0020E1AA /* Foundation.framework */ = {isa = PBXFileReference; lastKnownFileType = wrapper.framework; name = Foundation.framework; path = System/Library/Frameworks/Foundation.framework; sourceTree = SDKROOT; };
		57E29FC5168755FB0020E1AA /* CoreGraphics.framework */ = {isa = PBXFileReference; lastKnownFileType = wrapper.framework; name = CoreGraphics.framework; path = System/Library/Frameworks/CoreGraphics.framework; sourceTree = SDKROOT; };
		57E29FE816875D450020E1AA /* Default-568h@2x.png */ = {isa = PBXFileReference; lastKnownFileType = image.png; path = "Default-568h@2x.png"; sourceTree = "<group>"; };
		71fc31075165cfab0b3cf8eec7133b06 /* MonitorApp.mm */ = {isa = PBXFileReference; explicitFileType = sourcecode.cpp.objcpp; fileEncoding = 30; name = MonitorApp.mm; path = src/Apps/MonitorApp.mm; sourceTree = SOURCE_ROOT; };
		7b37e7ad9be78df8cc98c9f3e40d39da /* TriangleApp.h */ = {isa = PBXFileReference; explicitFileType = sourcecode.c.h; fileEncoding = 30; name = TriangleApp.h; path = src/Apps/TriangleApp.h; sourceTree = SOURCE_ROOT; };
		8627beb34192f6eb415db55d1218034b /* MyAppDelegate.mm */ = {isa = PBXFileReference; explicitFileType = sourcecode.cpp.objcpp; fileEncoding = 30; name = MyAppDelegate.mm; path = src/UI/MyAppDelegate.mm; sourceTree = SOURCE_ROOT; };
		88f12646afb7384dd5ab6fddc7399c69 /* CameraApp.h */ = {isa = PBXFileReference; explicitFileType = sourcecode.c.h; fileEncoding = 30; name = CameraApp.h; path = src/Apps/CameraApp.h; sourceTree = SOURCE_ROOT; };
		9802791eb3f75fe36c55d369e2bcb563 /* MyAppViewController.h */ = {isa = PBXFileReference; explicitFileType = sourcecode.c.h; fileEncoding = 30; name = MyAppViewController.h; path = src/UI/MyAppViewController.h; sourceTree = SOURCE_ROOT; };
		9d72247cca22d4bc4b743aaba3d84492 /* MyAppViewController.mm */ = {isa = PBXFileReference; explicitFileType = sourcecode.cpp.objcpp; fileEncoding = 30; name = MyAppViewController.mm; path = src/UI/MyAppViewController.mm; sourceTree = SOURCE_ROOT; };
		BB16EBD10F2B2A9500518274 /* OpenGLES.framework */ = {isa = PBXFileReference; lastKnownFileType = wrapper.framework; name = OpenGLES.framework; path = System/Library/Frameworks/OpenGLES.framework; sourceTree = SDKROOT; };
		BB16EBD80F2B2AB500518274 /* QuartzCore.framework */ = {isa = PBXFileReference; lastKnownFileType = wrapper.framework; name = QuartzCore.framework; path = System/Library/Frameworks/QuartzCore.framework; sourceTree = SDKROOT; };
		BB24DD8C10DA77E000E9C588 /* Default.png */ = {isa = PBXFileReference; lastKnownFileType = image.png; path = Default.png; sourceTree = "<group>"; };
		BB24DD8D10DA77E000E9C588 /* Icon.png */ = {isa = PBXFileReference; lastKnownFileType = image.png; path = Icon.png; sourceTree = "<group>"; };
		BB24DDC910DA781C00E9C588 /* ofxiphone-Info.plist */ = {isa = PBXFileReference; fileEncoding = 4; lastKnownFileType = text.plist.xml; path = "ofxiphone-Info.plist"; sourceTree = "<group>"; };
		BBE5EAB70F49AD8400F28951 /* AudioToolbox.framework */ = {isa = PBXFileReference; lastKnownFileType = wrapper.framework; name = AudioToolbox.framework; path = System/Library/Frameworks/AudioToolbox.framework; sourceTree = SDKROOT; };
		E41D3ED613B38FB500A75A5D /* Project.xcconfig */ = {isa = PBXFileReference; fileEncoding = 4; lastKnownFileType = text.xcconfig; path = Project.xcconfig; sourceTree = "<group>"; };
		E41D3EE513B3906D00A75A5D /* CoreOF.xcconfig */ = {isa = PBXFileReference; fileEncoding = 4; lastKnownFileType = text.xcconfig; name = CoreOF.xcconfig; path = ../../../libs/openFrameworksCompiled/project/ios/CoreOF.xcconfig; sourceTree = SOURCE_ROOT; };
		E41D400613B39D2100A75A5D /* AVFoundation.framework */ = {isa = PBXFileReference; lastKnownFileType = wrapper.framework; name = AVFoundation.framework; path = System/Library/Frameworks/AVFoundation.framework; sourceTree = SDKROOT; };
		E41D400713B39D2100A75A5D /* CoreMedia.framework */ = {isa = PBXFileReference; lastKnownFileType = wrapper.framework; name = CoreMedia.framework; path = System/Library/Frameworks/CoreMedia.framework; sourceTree = SDKROOT; };
		E41D400813B39D2100A75A5D /* CoreVideo.framework */ = {isa = PBXFileReference; lastKnownFileType = wrapper.framework; name = CoreVideo.framework; path = System/Library/Frameworks/CoreVideo.framework; sourceTree = SDKROOT; };
		E41D400913B39D2100A75A5D /* MapKit.framework */ = {isa = PBXFileReference; lastKnownFileType = wrapper.framework; name = MapKit.framework; path = System/Library/Frameworks/MapKit.framework; sourceTree = SDKROOT; };
		E41D40FD13B3A0D800A75A5D /* iOS+OFLib.xcodeproj */ = {isa = PBXFileReference; lastKnownFileType = "wrapper.pb-project"; name = "iOS+OFLib.xcodeproj"; path = "../../../libs/openFrameworksCompiled/project/ios/iOS+OFLib.xcodeproj"; sourceTree = SOURCE_ROOT; };
		E4A823A312561BE3002F86A2 /* CoreGraphics.framework */ = {isa = PBXFileReference; lastKnownFileType = wrapper.framework; name = CoreGraphics.framework; path = System/Library/Frameworks/CoreGraphics.framework; sourceTree = SDKROOT; };
		E4D8936B11527B74007E1F53 /* main.mm */ = {isa = PBXFileReference; fileEncoding = 4; lastKnownFileType = sourcecode.cpp.objcpp; name = main.mm; path = src/main.mm; sourceTree = SOURCE_ROOT; };
		E4D8936C11527B74007E1F53 /* testApp.h */ = {isa = PBXFileReference; fileEncoding = 4; lastKnownFileType = sourcecode.c.h; name = testApp.h; path = src/testApp.h; sourceTree = SOURCE_ROOT; };
		E4D8936D11527B74007E1F53 /* testApp.mm */ = {isa = PBXFileReference; fileEncoding = 4; lastKnownFileType = sourcecode.cpp.objcpp; name = testApp.mm; path = src/testApp.mm; sourceTree = SOURCE_ROOT; };
		aa892328d6aaa57fabf5034220e225a3 /* TriangleAppViewController.h */ = {isa = PBXFileReference; explicitFileType = sourcecode.c.h; fileEncoding = 30; name = TriangleAppViewController.h; path = src/AppViewControllers/TriangleAppViewController.h; sourceTree = SOURCE_ROOT; };
		af53838286224473cb38ba4e02ad77b6 /* TriangleAppViewController.mm */ = {isa = PBXFileReference; explicitFileType = sourcecode.cpp.objcpp; fileEncoding = 30; name = TriangleAppViewController.mm; path = src/AppViewControllers/TriangleAppViewController.mm; sourceTree = SOURCE_ROOT; };
		c0311397df47c8d95320d150c7d23d65 /* MonitorAppViewController.mm */ = {isa = PBXFileReference; explicitFileType = sourcecode.cpp.objcpp; fileEncoding = 30; name = MonitorAppViewController.mm; path = src/AppViewControllers/MonitorAppViewController.mm; sourceTree = SOURCE_ROOT; };
		c6fb3183fe800241a844e5b8f108096e /* CameraApp.mm */ = {isa = PBXFileReference; explicitFileType = sourcecode.cpp.objcpp; fileEncoding = 30; name = CameraApp.mm; path = src/Apps/CameraApp.mm; sourceTree = SOURCE_ROOT; };
		cc2d7e64d3607df56d90a48cfa29e2b9 /* SquareApp.mm */ = {isa = PBXFileReference; explicitFileType = sourcecode.cpp.objcpp; fileEncoding = 30; name = SquareApp.mm; path = src/Apps/SquareApp.mm; sourceTree = SOURCE_ROOT; };
		d6e099cc42bfd340c5443385a6446439 /* CameraAppViewController.mm */ = {isa = PBXFileReference; explicitFileType = sourcecode.cpp.objcpp; fileEncoding = 30; name = CameraAppViewController.mm; path = src/AppViewControllers/CameraAppViewController.mm; sourceTree = SOURCE_ROOT; };
		e535d7be9896bbe12719af28751d92df /* MonitorAppViewController.h */ = {isa = PBXFileReference; explicitFileType = sourcecode.c.h; fileEncoding = 30; name = MonitorAppViewController.h; path = src/AppViewControllers/MonitorAppViewController.h; sourceTree = SOURCE_ROOT; };
		e82e754d65a932f2df8b1a0f7c4bfe75 /* CameraAppViewController.h */ = {isa = PBXFileReference; explicitFileType = sourcecode.c.h; fileEncoding = 30; name = CameraAppViewController.h; path = src/AppViewControllers/CameraAppViewController.h; sourceTree = SOURCE_ROOT; };
		f774603582f14839ec94720dfc1f8fe2 /* SquareAppViewController.mm */ = {isa = PBXFileReference; explicitFileType = sourcecode.cpp.objcpp; fileEncoding = 30; name = SquareAppViewController.mm; path = src/AppViewControllers/SquareAppViewController.mm; sourceTree = SOURCE_ROOT; };
/* End PBXFileReference section */

/* Begin PBXFrameworksBuildPhase section */
		1D60588F0D05DD3D006BFB54 /* Frameworks */ = {
			isa = PBXFrameworksBuildPhase;
			buildActionMask = 2147483647;
			files = (
				E41D421413B3A95300A75A5D /* libofxiPhone_iphoneos_Debug.a in Frameworks */,
				1D60589F0D05DD5A006BFB54 /* Foundation.framework in Frameworks */,
				1DF5F4E00D08C38300B7A737 /* UIKit.framework in Frameworks */,
				288765FD0DF74451002DB57D /* CoreGraphics.framework in Frameworks */,
				BB16EBD20F2B2A9500518274 /* OpenGLES.framework in Frameworks */,
				BB16EBD90F2B2AB500518274 /* QuartzCore.framework in Frameworks */,
				BBE5EAB80F49AD8400F28951 /* AudioToolbox.framework in Frameworks */,
				53F323EB10A20EDB00E0DAE4 /* OpenAL.framework in Frameworks */,
				5326AEA810A23A0500278DE6 /* CoreLocation.framework in Frameworks */,
				E4A823A412561BE3002F86A2 /* CoreGraphics.framework in Frameworks */,
				E41D400B13B39D2100A75A5D /* AVFoundation.framework in Frameworks */,
				E41D400C13B39D2100A75A5D /* CoreMedia.framework in Frameworks */,
				E41D400D13B39D2100A75A5D /* CoreVideo.framework in Frameworks */,
				E41D400E13B39D2100A75A5D /* MapKit.framework in Frameworks */,
			);
			runOnlyForDeploymentPostprocessing = 0;
		};
/* End PBXFrameworksBuildPhase section */

/* Begin PBXGroup section */
		19C28FACFE9D520D11CA2CBB /* Products */ = {
			isa = PBXGroup;
			children = (
				1D6058910D05DD3D006BFB54 /* BabyMonitor.app */,
			);
			name = Products;
			sourceTree = "<group>";
		};
		29B97314FDCFA39411CA2CEA /* CustomTemplate */ = {
			isa = PBXGroup;
			children = (
				57B4DD29168F2EEA00991F73 /* res */,
				E4D8936A11527B74007E1F53 /* src */,
				BB24DD8B10DA77E000E9C588 /* data */,
				BB24E1F710DAA51900E9C588 /* openFrameworks */,
				BB16F26B0F2B646B00518274 /* addons */,
				BB16E9930F2B1E5900518274 /* libs */,
				57E29FC0168755FB0020E1AA /* Frameworks */,
				19C28FACFE9D520D11CA2CBB /* Products */,
			);
			name = CustomTemplate;
			sourceTree = "<group>";
		};
		29B97323FDCFA39411CA2CEA /* core frameworks */ = {
			isa = PBXGroup;
			children = (
				E41D400613B39D2100A75A5D /* AVFoundation.framework */,
				E41D400713B39D2100A75A5D /* CoreMedia.framework */,
				E41D400813B39D2100A75A5D /* CoreVideo.framework */,
				E41D400913B39D2100A75A5D /* MapKit.framework */,
				53F323EA10A20EDB00E0DAE4 /* OpenAL.framework */,
				E4A823A312561BE3002F86A2 /* CoreGraphics.framework */,
				BBE5EAB70F49AD8400F28951 /* AudioToolbox.framework */,
				BB16EBD80F2B2AB500518274 /* QuartzCore.framework */,
				BB16EBD10F2B2A9500518274 /* OpenGLES.framework */,
				1DF5F4DF0D08C38300B7A737 /* UIKit.framework */,
				1D30AB110D05D00D00671497 /* Foundation.framework */,
				288765FC0DF74451002DB57D /* CoreGraphics.framework */,
				5326AEA710A23A0500278DE6 /* CoreLocation.framework */,
			);
			name = "core frameworks";
			sourceTree = "<group>";
		};
		5770AD9A1687FB2F00B7E565 /* okfTools */ = {
			isa = PBXGroup;
			children = (
				57B4DD00168CB1AE00991F73 /* ofkXMLProperties.mm */,
				57B4DD01168CB1AE00991F73 /* ofkXMLProperties.h */,
				5770ADA21687FB7300B7E565 /* ofkUDPjpegReceiver.cpp */,
				5770ADA31687FB7300B7E565 /* ofkUDPjpegReceiver.h */,
				5770ADA41687FB7300B7E565 /* ofkUDPjpegSender.cpp */,
				5770ADA51687FB7300B7E565 /* ofkUDPjpegSender.h */,
				5770AD9F1687FB6B00B7E565 /* IPAddress.c */,
				5770ADA01687FB6B00B7E565 /* IPAddress.h */,
				5770AD9C1687FB5700B7E565 /* ofkOSCcommunicator.cpp */,
				5770AD9D1687FB5700B7E565 /* ofkOSCcommunicator.h */,
			);
			name = okfTools;
			sourceTree = "<group>";
		};
		5770ADAD1687FC3E00B7E565 /* ofxNetwork */ = {
			isa = PBXGroup;
			children = (
				5770ADAE1687FC3E00B7E565 /* docs */,
				5770ADB01687FC3E00B7E565 /* install.xml */,
				5770ADB11687FC3E00B7E565 /* src */,
			);
			name = ofxNetwork;
			path = ../../../addons/ofxNetwork;
			sourceTree = "<group>";
		};
		5770ADAE1687FC3E00B7E565 /* docs */ = {
			isa = PBXGroup;
			children = (
				5770ADAF1687FC3E00B7E565 /* Instructions.txt */,
			);
			path = docs;
			sourceTree = "<group>";
		};
		5770ADB11687FC3E00B7E565 /* src */ = {
			isa = PBXGroup;
			children = (
				5770ADB21687FC3E00B7E565 /* ofxNetwork.h */,
				5770ADB31687FC3E00B7E565 /* ofxNetworkUtils.h */,
				5770ADB41687FC3E00B7E565 /* ofxTCPClient.cpp */,
				5770ADB51687FC3E00B7E565 /* ofxTCPClient.h */,
				5770ADB61687FC3E00B7E565 /* ofxTCPManager.cpp */,
				5770ADB71687FC3E00B7E565 /* ofxTCPManager.h */,
				5770ADB81687FC3E00B7E565 /* ofxTCPServer.cpp */,
				5770ADB91687FC3E00B7E565 /* ofxTCPServer.h */,
				5770ADBA1687FC3E00B7E565 /* ofxUDPManager.cpp */,
				5770ADBB1687FC3E00B7E565 /* ofxUDPManager.h */,
			);
			path = src;
			sourceTree = "<group>";
		};
		5770ADBC1687FC3E00B7E565 /* ofxOsc */ = {
			isa = PBXGroup;
			children = (
				5770ADBD1687FC3E00B7E565 /* install.xml */,
				5770ADBE1687FC3E00B7E565 /* libs */,
				5770ADDB1687FC3E00B7E565 /* src */,
			);
			name = ofxOsc;
			path = ../../../addons/ofxOsc;
			sourceTree = "<group>";
		};
		5770ADBE1687FC3E00B7E565 /* libs */ = {
			isa = PBXGroup;
			children = (
				5770ADBF1687FC3E00B7E565 /* oscpack */,
			);
			path = libs;
			sourceTree = "<group>";
		};
		5770ADBF1687FC3E00B7E565 /* oscpack */ = {
			isa = PBXGroup;
			children = (
				5770ADC01687FC3E00B7E565 /* src */,
			);
			path = oscpack;
			sourceTree = "<group>";
		};
		5770ADC01687FC3E00B7E565 /* src */ = {
			isa = PBXGroup;
			children = (
				5770ADC11687FC3E00B7E565 /* ip */,
				5770ADCE1687FC3E00B7E565 /* osc */,
			);
			path = src;
			sourceTree = "<group>";
		};
		5770ADC11687FC3E00B7E565 /* ip */ = {
			isa = PBXGroup;
			children = (
				5770ADC21687FC3E00B7E565 /* IpEndpointName.cpp */,
				5770ADC31687FC3E00B7E565 /* IpEndpointName.h */,
				5770ADC41687FC3E00B7E565 /* NetworkingUtils.h */,
				5770ADC51687FC3E00B7E565 /* PacketListener.h */,
				5770ADC61687FC3E00B7E565 /* posix */,
				5770ADC91687FC3E00B7E565 /* TimerListener.h */,
				5770ADCA1687FC3E00B7E565 /* UdpSocket.h */,
				5770ADCB1687FC3E00B7E565 /* win32 */,
			);
			path = ip;
			sourceTree = "<group>";
		};
		5770ADC61687FC3E00B7E565 /* posix */ = {
			isa = PBXGroup;
			children = (
				5770ADC71687FC3E00B7E565 /* NetworkingUtils.cpp */,
				5770ADC81687FC3E00B7E565 /* UdpSocket.cpp */,
			);
			path = posix;
			sourceTree = "<group>";
		};
		5770ADCB1687FC3E00B7E565 /* win32 */ = {
			isa = PBXGroup;
			children = (
				5770ADCC1687FC3E00B7E565 /* NetworkingUtilsWin.cpp */,
				5770ADCD1687FC3E00B7E565 /* UdpSocketWin.cpp */,
			);
			path = win32;
			sourceTree = "<group>";
		};
		5770ADCE1687FC3E00B7E565 /* osc */ = {
			isa = PBXGroup;
			children = (
				5770ADCF1687FC3E00B7E565 /* MessageMappingOscPacketListener.h */,
				5770ADD01687FC3E00B7E565 /* OscException.h */,
				5770ADD11687FC3E00B7E565 /* OscHostEndianness.h */,
				5770ADD21687FC3E00B7E565 /* OscOutboundPacketStream.cpp */,
				5770ADD31687FC3E00B7E565 /* OscOutboundPacketStream.h */,
				5770ADD41687FC3E00B7E565 /* OscPacketListener.h */,
				5770ADD51687FC3E00B7E565 /* OscPrintReceivedElements.cpp */,
				5770ADD61687FC3E00B7E565 /* OscPrintReceivedElements.h */,
				5770ADD71687FC3E00B7E565 /* OscReceivedElements.cpp */,
				5770ADD81687FC3E00B7E565 /* OscReceivedElements.h */,
				5770ADD91687FC3E00B7E565 /* OscTypes.cpp */,
				5770ADDA1687FC3E00B7E565 /* OscTypes.h */,
			);
			path = osc;
			sourceTree = "<group>";
		};
		5770ADDB1687FC3E00B7E565 /* src */ = {
			isa = PBXGroup;
			children = (
				5770ADDC1687FC3E00B7E565 /* ofxOsc.h */,
				5770ADDD1687FC3E00B7E565 /* ofxOscArg.h */,
				5770ADDE1687FC3E00B7E565 /* ofxOscBundle.cpp */,
				5770ADDF1687FC3E00B7E565 /* ofxOscBundle.h */,
				5770ADE01687FC3E00B7E565 /* ofxOscMessage.cpp */,
				5770ADE11687FC3E00B7E565 /* ofxOscMessage.h */,
				5770ADE21687FC3E00B7E565 /* ofxOscReceiver.cpp */,
				5770ADE31687FC3E00B7E565 /* ofxOscReceiver.h */,
				5770ADE41687FC3E00B7E565 /* ofxOscSender.cpp */,
				5770ADE51687FC3E00B7E565 /* ofxOscSender.h */,
			);
			path = src;
			sourceTree = "<group>";
		};
		5770ADE61687FC3E00B7E565 /* ofxUI */ = {
			isa = PBXGroup;
			children = (
				5770ADE71687FC3E00B7E565 /* README */,
				5770ADE81687FC3E00B7E565 /* src */,
			);
			name = ofxUI;
			path = ../../../addons/ofxUI;
			sourceTree = "<group>";
		};
		5770ADE81687FC3E00B7E565 /* src */ = {
			isa = PBXGroup;
			children = (
				5770ADE91687FC3E00B7E565 /* ofxUI.h */,
				5770ADEA1687FC3E00B7E565 /* ofxUI2DPad.h */,
				5770ADEB1687FC3E00B7E565 /* ofxUIBiLabelSlider.h */,
				5770ADEC1687FC3E00B7E565 /* ofxUIButton.h */,
				5770ADED1687FC3E00B7E565 /* ofxUICanvas.h */,
				5770ADEE1687FC3E00B7E565 /* ofxUICircleSlider.h */,
				5770ADEF1687FC3E00B7E565 /* ofxUICustomImageButton.h */,
				5770ADF01687FC3E00B7E565 /* ofxUIDropDownList.h */,
				5770ADF11687FC3E00B7E565 /* ofxUIEventArgs.h */,
				5770ADF21687FC3E00B7E565 /* ofxUIFPS.h */,
				5770ADF31687FC3E00B7E565 /* ofxUIFPSSlider.h */,
				5770ADF41687FC3E00B7E565 /* ofxUIImage.h */,
				5770ADF51687FC3E00B7E565 /* ofxUIImageButton.h */,
				5770ADF61687FC3E00B7E565 /* ofxUIImageSampler.h */,
				5770ADF71687FC3E00B7E565 /* ofxUIImageSlider.h */,
				5770ADF81687FC3E00B7E565 /* ofxUIImageToggle.h */,
				5770ADF91687FC3E00B7E565 /* ofxUILabel.h */,
				5770ADFA1687FC3E00B7E565 /* ofxUILabelButton.h */,
				5770ADFB1687FC3E00B7E565 /* ofxUILabelToggle.h */,
				5770ADFC1687FC3E00B7E565 /* ofxUIMinimalSlider.h */,
				5770ADFD1687FC3E00B7E565 /* ofxUIMovingGraph.h */,
				5770ADFE1687FC3E00B7E565 /* ofxUIMultiImageButton.h */,
				5770ADFF1687FC3E00B7E565 /* ofxUIMultiImageSlider.h */,
				5770AE001687FC3E00B7E565 /* ofxUIMultiImageToggle.h */,
				5770AE011687FC3E00B7E565 /* ofxUINumberDialer.h */,
				5770AE021687FC3E00B7E565 /* ofxUIRadio.h */,
				5770AE031687FC3E00B7E565 /* ofxUIRangeSlider.h */,
				5770AE041687FC3E00B7E565 /* ofxUIRectangle.h */,
				5770AE051687FC3E00B7E565 /* ofxUIRotarySlider.h */,
				5770AE061687FC3E00B7E565 /* ofxUIScrollableCanvas.h */,
				5770AE071687FC3E00B7E565 /* ofxUISlider.h */,
				5770AE081687FC3E00B7E565 /* ofxUISpacer.h */,
				5770AE091687FC3E00B7E565 /* ofxUISpectrum.h */,
				5770AE0A1687FC3E00B7E565 /* ofxUITextArea.h */,
				5770AE0B1687FC3E00B7E565 /* ofxUITextInput.h */,
				5770AE0C1687FC3E00B7E565 /* ofxUIToggle.h */,
				5770AE0D1687FC3E00B7E565 /* ofxUIToggleMatrix.h */,
				5770AE0E1687FC3E00B7E565 /* ofxUIWaveform.h */,
				5770AE0F1687FC3E00B7E565 /* ofxUIWidget.h */,
				5770AE101687FC3E00B7E565 /* ofxUIWidgetWithLabel.h */,
			);
			path = src;
			sourceTree = "<group>";
		};
		5770AE111687FC3E00B7E565 /* ofxXmlSettings */ = {
			isa = PBXGroup;
			children = (
				5770AE121687FC3E00B7E565 /* libs */,
				5770AE171687FC3E00B7E565 /* src */,
			);
			name = ofxXmlSettings;
			path = ../../../addons/ofxXmlSettings;
			sourceTree = "<group>";
		};
		5770AE121687FC3E00B7E565 /* libs */ = {
			isa = PBXGroup;
			children = (
				5770AE131687FC3E00B7E565 /* tinyxml.cpp */,
				5770AE141687FC3E00B7E565 /* tinyxml.h */,
				5770AE151687FC3E00B7E565 /* tinyxmlerror.cpp */,
				5770AE161687FC3E00B7E565 /* tinyxmlparser.cpp */,
			);
			path = libs;
			sourceTree = "<group>";
		};
		5770AE171687FC3E00B7E565 /* src */ = {
			isa = PBXGroup;
			children = (
				5770AE181687FC3E00B7E565 /* ofxXmlSettings.cpp */,
				5770AE191687FC3E00B7E565 /* ofxXmlSettings.h */,
			);
			path = src;
			sourceTree = "<group>";
		};
		57B4DD29168F2EEA00991F73 /* res */ = {
			isa = PBXGroup;
			children = (
				57B4DD0E168F22AD00991F73 /* mySettings.xml */,
				5770AD801687EDE100B7E565 /* IconCamera.png */,
				5770AD811687EDE100B7E565 /* IconMonitor.png */,
				578AF868168B53C200966660 /* NavigationBar.png */,
				57E29FE816875D450020E1AA /* Default-568h@2x.png */,
			);
			name = res;
			sourceTree = "<group>";
		};
		57E29FC0168755FB0020E1AA /* Frameworks */ = {
			isa = PBXGroup;
			children = (
				57E29FC1168755FB0020E1AA /* UIKit.framework */,
				57E29FC3168755FB0020E1AA /* Foundation.framework */,
				57E29FC5168755FB0020E1AA /* CoreGraphics.framework */,
			);
			name = Frameworks;
			sourceTree = "<group>";
		};
		93f84dd1123fb4b01e0b3b30b02968dd /* AppViewControllers */ = {
			isa = PBXGroup;
			children = (
				e82e754d65a932f2df8b1a0f7c4bfe75 /* CameraAppViewController.h */,
				d6e099cc42bfd340c5443385a6446439 /* CameraAppViewController.mm */,
				e535d7be9896bbe12719af28751d92df /* MonitorAppViewController.h */,
				c0311397df47c8d95320d150c7d23d65 /* MonitorAppViewController.mm */,
				49dc6aa509ee56fd1cd4fd2c79d72331 /* SquareAppViewController.h */,
				f774603582f14839ec94720dfc1f8fe2 /* SquareAppViewController.mm */,
				aa892328d6aaa57fabf5034220e225a3 /* TriangleAppViewController.h */,
				af53838286224473cb38ba4e02ad77b6 /* TriangleAppViewController.mm */,
				57B4DD2D168F34AC00991F73 /* CameraSettingViewController.h */,
				57B4DD2E168F34AC00991F73 /* CameraSettingViewController.m */,
				57B4DD2F168F34AC00991F73 /* CameraSettingViewController.xib */,
			);
			name = AppViewControllers;
			sourceTree = "<group>";
		};
		BB16E9930F2B1E5900518274 /* libs */ = {
			isa = PBXGroup;
			children = (
				BBE5E94E0F497BD800F28951 /* core */,
			);
			name = libs;
			sourceTree = "<group>";
		};
		BB16F26B0F2B646B00518274 /* addons */ = {
			isa = PBXGroup;
			children = (
				5770ADAD1687FC3E00B7E565 /* ofxNetwork */,
				5770ADBC1687FC3E00B7E565 /* ofxOsc */,
				5770ADE61687FC3E00B7E565 /* ofxUI */,
				5770AE111687FC3E00B7E565 /* ofxXmlSettings */,
			);
			name = addons;
			sourceTree = "<group>";
		};
		BB24DD8B10DA77E000E9C588 /* data */ = {
			isa = PBXGroup;
			children = (
				BB24DD8C10DA77E000E9C588 /* Default.png */,
				BB24DD8D10DA77E000E9C588 /* Icon.png */,
			);
			name = data;
			path = bin/data;
			sourceTree = "<group>";
		};
		BB24E1F710DAA51900E9C588 /* openFrameworks */ = {
			isa = PBXGroup;
			children = (
				E41D40FD13B3A0D800A75A5D /* iOS+OFLib.xcodeproj */,
				32CA4F630368D1EE00C91783 /* iPhone_Prefix.pch */,
				BB24DDC910DA781C00E9C588 /* ofxiphone-Info.plist */,
				E41D3EE513B3906D00A75A5D /* CoreOF.xcconfig */,
				E41D3ED613B38FB500A75A5D /* Project.xcconfig */,
			);
			name = openFrameworks;
			sourceTree = "<group>";
		};
		BBE5E94E0F497BD800F28951 /* core */ = {
			isa = PBXGroup;
			children = (
				29B97323FDCFA39411CA2CEA /* core frameworks */,
			);
			name = core;
			sourceTree = "<group>";
		};
		E41D40FE13B3A0D800A75A5D /* Products */ = {
			isa = PBXGroup;
			children = (
				E41D410213B3A0D800A75A5D /* libofxiPhone_iphoneos_Debug.a */,
			);
			name = Products;
			sourceTree = "<group>";
		};
		E4D8936A11527B74007E1F53 /* src */ = {
			isa = PBXGroup;
			children = (
				5770AD9A1687FB2F00B7E565 /* okfTools */,
				E4D8936B11527B74007E1F53 /* main.mm */,
				E4D8936D11527B74007E1F53 /* testApp.mm */,
				E4D8936C11527B74007E1F53 /* testApp.h */,
				d1cfea8461b96256b1b8c57d5973712c /* Apps */,
				93f84dd1123fb4b01e0b3b30b02968dd /* AppViewControllers */,
				bb265ea4218a70dc0c63e4794c54ed3b /* UI */,
			);
			path = src;
			sourceTree = SOURCE_ROOT;
		};
		bb265ea4218a70dc0c63e4794c54ed3b /* UI */ = {
			isa = PBXGroup;
			children = (
				3342984c510e960b5253ae789de2e83c /* MyAppDelegate.h */,
				8627beb34192f6eb415db55d1218034b /* MyAppDelegate.mm */,
				9802791eb3f75fe36c55d369e2bcb563 /* MyAppViewController.h */,
				9d72247cca22d4bc4b743aaba3d84492 /* MyAppViewController.mm */,
			);
			name = UI;
			sourceTree = "<group>";
		};
		d1cfea8461b96256b1b8c57d5973712c /* Apps */ = {
			isa = PBXGroup;
			children = (
				88f12646afb7384dd5ab6fddc7399c69 /* CameraApp.h */,
				c6fb3183fe800241a844e5b8f108096e /* CameraApp.mm */,
				2ff2f6fcbd2c5f44b78526d1f0662913 /* MonitorApp.h */,
				71fc31075165cfab0b3cf8eec7133b06 /* MonitorApp.mm */,
				4e2f89308412dde555dee1a432947b79 /* SquareApp.h */,
				cc2d7e64d3607df56d90a48cfa29e2b9 /* SquareApp.mm */,
				7b37e7ad9be78df8cc98c9f3e40d39da /* TriangleApp.h */,
				03541b492cf4ac16398eac639a4074fe /* TriangleApp.mm */,
			);
			name = Apps;
			sourceTree = "<group>";
		};
/* End PBXGroup section */

/* Begin PBXNativeTarget section */
		1D6058900D05DD3D006BFB54 /* BabyMonitor */ = {
			isa = PBXNativeTarget;
			buildConfigurationList = 1D6058960D05DD3E006BFB54 /* Build configuration list for PBXNativeTarget "BabyMonitor" */;
			buildPhases = (
				1D60588D0D05DD3D006BFB54 /* Resources */,
				1D60588E0D05DD3D006BFB54 /* Sources */,
				1D60588F0D05DD3D006BFB54 /* Frameworks */,
				9255DD331112741900D6945E /* ShellScript */,
			);
			buildRules = (
			);
			dependencies = (
				E41D410413B3A11300A75A5D /* PBXTargetDependency */,
			);
			name = BabyMonitor;
			productName = iPhone;
			productReference = 1D6058910D05DD3D006BFB54 /* BabyMonitor.app */;
			productType = "com.apple.product-type.application";
		};
/* End PBXNativeTarget section */

/* Begin PBXProject section */
		29B97313FDCFA39411CA2CEA /* Project object */ = {
			isa = PBXProject;
			buildConfigurationList = C01FCF4E08A954540054247B /* Build configuration list for PBXProject "BabyMonitor" */;
			compatibilityVersion = "Xcode 3.1";
			developmentRegion = English;
			hasScannedForEncodings = 1;
			knownRegions = (
				English,
				Japanese,
				French,
				German,
				en,
			);
			mainGroup = 29B97314FDCFA39411CA2CEA /* CustomTemplate */;
			projectDirPath = "";
			projectReferences = (
				{
					ProductGroup = E41D40FE13B3A0D800A75A5D /* Products */;
					ProjectRef = E41D40FD13B3A0D800A75A5D /* iOS+OFLib.xcodeproj */;
				},
			);
			projectRoot = "";
			targets = (
				1D6058900D05DD3D006BFB54 /* BabyMonitor */,
			);
		};
/* End PBXProject section */

/* Begin PBXReferenceProxy section */
		E41D410213B3A0D800A75A5D /* libofxiPhone_iphoneos_Debug.a */ = {
			isa = PBXReferenceProxy;
			fileType = archive.ar;
			path = libofxiPhone_iphoneos_Debug.a;
			remoteRef = E41D410113B3A0D800A75A5D /* PBXContainerItemProxy */;
			sourceTree = BUILT_PRODUCTS_DIR;
		};
/* End PBXReferenceProxy section */

/* Begin PBXResourcesBuildPhase section */
		1D60588D0D05DD3D006BFB54 /* Resources */ = {
			isa = PBXResourcesBuildPhase;
			buildActionMask = 2147483647;
			files = (
				BB24DD8F10DA77E000E9C588 /* Default.png in Resources */,
				BB24DD9010DA77E000E9C588 /* Icon.png in Resources */,
				BB24DDCA10DA781C00E9C588 /* ofxiphone-Info.plist in Resources */,
				E41D3ED713B38FB500A75A5D /* Project.xcconfig in Resources */,
				E41D3EE613B3906D00A75A5D /* CoreOF.xcconfig in Resources */,
				57E29FE916875D450020E1AA /* Default-568h@2x.png in Resources */,
				5770AD821687EDE100B7E565 /* IconCamera.png in Resources */,
				5770AD831687EDE100B7E565 /* IconMonitor.png in Resources */,
				5770AE1A1687FC3E00B7E565 /* Instructions.txt in Resources */,
				5770AE1B1687FC3E00B7E565 /* install.xml in Resources */,
				5770AE201687FC3E00B7E565 /* install.xml in Resources */,
				5770AE2E1687FC3E00B7E565 /* README in Resources */,
				578AF869168B53C200966660 /* NavigationBar.png in Resources */,
				57B4DD0F168F22AD00991F73 /* mySettings.xml in Resources */,
				57B4DD31168F34AC00991F73 /* CameraSettingViewController.xib in Resources */,
			);
			runOnlyForDeploymentPostprocessing = 0;
		};
/* End PBXResourcesBuildPhase section */

/* Begin PBXShellScriptBuildPhase section */
		9255DD331112741900D6945E /* ShellScript */ = {
			isa = PBXShellScriptBuildPhase;
			buildActionMask = 2147483647;
			files = (
			);
			inputPaths = (
			);
			outputPaths = (
			);
			runOnlyForDeploymentPostprocessing = 0;
			shellPath = /bin/sh;
			shellScript = "cp -rf bin/data/ \"$TARGET_BUILD_DIR/$PRODUCT_NAME.app\"\n";
		};
/* End PBXShellScriptBuildPhase section */

/* Begin PBXSourcesBuildPhase section */
		1D60588E0D05DD3D006BFB54 /* Sources */ = {
			isa = PBXSourcesBuildPhase;
			buildActionMask = 2147483647;
			files = (
				E4D8936E11527B74007E1F53 /* main.mm in Sources */,
				E4D8936F11527B74007E1F53 /* testApp.mm in Sources */,
				a174c6d42676e95effe6cf975bd859f8 /* CameraApp.mm in Sources */,
				246cd2f0cb1c43677ece71ae20309d66 /* MonitorApp.mm in Sources */,
				df485cdc1f163264b57d1f8f94975b25 /* SquareApp.mm in Sources */,
				1e06a14544b806ba3bd9b07dd473fbe2 /* TriangleApp.mm in Sources */,
				6e463de882372a0c94e26f83dcdab6ff /* CameraAppViewController.mm in Sources */,
				332a20e07fee542c03b49c8c54423c5a /* MonitorAppViewController.mm in Sources */,
				31eb65020afd43eb9bb9110d474ec825 /* SquareAppViewController.mm in Sources */,
				eb3f29c0ac4a650781ebce6fd86a5281 /* TriangleAppViewController.mm in Sources */,
				a55613c24c4db9a6dc49d77252278811 /* MyAppDelegate.mm in Sources */,
				57D7336E16876AA600C35F39 /* MyAppViewController.mm in Sources */,
				5770AD9E1687FB5700B7E565 /* ofkOSCcommunicator.cpp in Sources */,
				5770ADA11687FB6B00B7E565 /* IPAddress.c in Sources */,
				5770ADA61687FB7300B7E565 /* ofkUDPjpegReceiver.cpp in Sources */,
				5770ADA71687FB7300B7E565 /* ofkUDPjpegSender.cpp in Sources */,
				5770AE1C1687FC3E00B7E565 /* ofxTCPClient.cpp in Sources */,
				5770AE1D1687FC3E00B7E565 /* ofxTCPManager.cpp in Sources */,
				5770AE1E1687FC3E00B7E565 /* ofxTCPServer.cpp in Sources */,
				5770AE1F1687FC3E00B7E565 /* ofxUDPManager.cpp in Sources */,
				5770AE211687FC3E00B7E565 /* IpEndpointName.cpp in Sources */,
				5770AE221687FC3E00B7E565 /* NetworkingUtils.cpp in Sources */,
				5770AE231687FC3E00B7E565 /* UdpSocket.cpp in Sources */,
				5770AE241687FC3E00B7E565 /* NetworkingUtilsWin.cpp in Sources */,
				5770AE251687FC3E00B7E565 /* UdpSocketWin.cpp in Sources */,
				5770AE261687FC3E00B7E565 /* OscOutboundPacketStream.cpp in Sources */,
				5770AE271687FC3E00B7E565 /* OscPrintReceivedElements.cpp in Sources */,
				5770AE281687FC3E00B7E565 /* OscReceivedElements.cpp in Sources */,
				5770AE291687FC3E00B7E565 /* OscTypes.cpp in Sources */,
				5770AE2A1687FC3E00B7E565 /* ofxOscBundle.cpp in Sources */,
				5770AE2B1687FC3E00B7E565 /* ofxOscMessage.cpp in Sources */,
				5770AE2C1687FC3E00B7E565 /* ofxOscReceiver.cpp in Sources */,
				5770AE2D1687FC3E00B7E565 /* ofxOscSender.cpp in Sources */,
				5770AE2F1687FC3E00B7E565 /* tinyxml.cpp in Sources */,
				5770AE301687FC3E00B7E565 /* tinyxmlerror.cpp in Sources */,
				5770AE311687FC3E00B7E565 /* tinyxmlparser.cpp in Sources */,
				5770AE321687FC3E00B7E565 /* ofxXmlSettings.cpp in Sources */,
				57B4DD02168CB1AE00991F73 /* ofkXMLProperties.mm in Sources */,
				57B4DD30168F34AC00991F73 /* CameraSettingViewController.m in Sources */,
			);
			runOnlyForDeploymentPostprocessing = 0;
		};
/* End PBXSourcesBuildPhase section */

/* Begin PBXTargetDependency section */
		E41D410413B3A11300A75A5D /* PBXTargetDependency */ = {
			isa = PBXTargetDependency;
			name = "iPhone+OF Static Library";
			targetProxy = E41D410313B3A11300A75A5D /* PBXContainerItemProxy */;
		};
/* End PBXTargetDependency section */

/* Begin XCBuildConfiguration section */
		1D6058940D05DD3E006BFB54 /* Debug */ = {
			isa = XCBuildConfiguration;
			buildSettings = {
				ALWAYS_SEARCH_USER_PATHS = NO;
				GCC_PRECOMPILE_PREFIX_HEADER = YES;
				GCC_PREFIX_HEADER = iPhone_Prefix.pch;
				INFOPLIST_FILE = "ofxiphone-Info.plist";
				IPHONEOS_DEPLOYMENT_TARGET = 5.0;
				PRODUCT_NAME = BabyMonitor;
				TARGETED_DEVICE_FAMILY = "1,2";
			};
			name = Debug;
		};
		1D6058950D05DD3E006BFB54 /* Release */ = {
			isa = XCBuildConfiguration;
			buildSettings = {
				GCC_PRECOMPILE_PREFIX_HEADER = YES;
				GCC_PREFIX_HEADER = iPhone_Prefix.pch;
				INFOPLIST_FILE = "ofxiphone-Info.plist";
				IPHONEOS_DEPLOYMENT_TARGET = 5.0;
				PRODUCT_NAME = BabyMonitor;
				TARGETED_DEVICE_FAMILY = "1,2";
			};
			name = Release;
		};
		C01FCF4F08A954540054247B /* Debug */ = {
			isa = XCBuildConfiguration;
			baseConfigurationReference = E41D3ED613B38FB500A75A5D /* Project.xcconfig */;
			buildSettings = {
				ALWAYS_SEARCH_USER_PATHS = YES;
				ARCHS = "$(ARCHS_STANDARD_32_BIT)";
				CODE_SIGN_IDENTITY = "";
				"CODE_SIGN_IDENTITY[sdk=iphoneos*]" = "iPhone Developer";
				COMPRESS_PNG_FILES = NO;
				GCC_C_LANGUAGE_STANDARD = c99;
				GCC_OPTIMIZATION_LEVEL = 0;
				GCC_SYMBOLS_PRIVATE_EXTERN = NO;
				GCC_WARN_ABOUT_DEPRECATED_FUNCTIONS = NO;
				GCC_WARN_ABOUT_INVALID_OFFSETOF_MACRO = NO;
				GCC_WARN_ABOUT_POINTER_SIGNEDNESS = NO;
				GCC_WARN_ABOUT_RETURN_TYPE = YES;
				GCC_WARN_ALLOW_INCOMPLETE_PROTOCOL = NO;
				GCC_WARN_PROTOTYPE_CONVERSION = NO;
				GCC_WARN_UNUSED_VARIABLE = YES;
				HEADER_SEARCH_PATHS = (
					"$(OF_CORE_HEADERS)",
					src,
					src/AppViewControllers,
					src/Apps,
					src/UI,
				);
				IPHONEOS_DEPLOYMENT_TARGET = 5.1;
				ONLY_ACTIVE_ARCH = NO;
				PREBINDING = NO;
				"PROVISIONING_PROFILE[sdk=iphoneos*]" = "";
				SDKROOT = iphoneos5.1;
				TARGETED_DEVICE_FAMILY = "1,2";
				VALID_ARCHS = armv7;
				WARNING_LDFLAGS = "-no_arch_warnings";
			};
			name = Debug;
		};
		C01FCF5008A954540054247B /* Release */ = {
			isa = XCBuildConfiguration;
			baseConfigurationReference = E41D3ED613B38FB500A75A5D /* Project.xcconfig */;
			buildSettings = {
				ALWAYS_SEARCH_USER_PATHS = YES;
				ARCHS = "$(ARCHS_STANDARD_32_BIT)";
				CODE_SIGN_IDENTITY = "";
				"CODE_SIGN_IDENTITY[sdk=iphoneos*]" = "iPhone Developer";
				COMPRESS_PNG_FILES = NO;
				GCC_C_LANGUAGE_STANDARD = c99;
				GCC_DYNAMIC_NO_PIC = YES;
				GCC_GENERATE_DEBUGGING_SYMBOLS = NO;
				GCC_OPTIMIZATION_LEVEL = 3;
				GCC_SYMBOLS_PRIVATE_EXTERN = NO;
				GCC_THUMB_SUPPORT = NO;
				GCC_WARN_ABOUT_RETURN_TYPE = YES;
				GCC_WARN_UNUSED_VARIABLE = YES;
				HEADER_SEARCH_PATHS = (
					"$(OF_CORE_HEADERS)",
					src,
					src/AppViewControllers,
					src/Apps,
					src/UI,
				);
				IPHONEOS_DEPLOYMENT_TARGET = 5.1;
				ONLY_ACTIVE_ARCH = NO;
				PREBINDING = NO;
				SDKROOT = iphoneos5.1;
				TARGETED_DEVICE_FAMILY = "1,2";
				VALID_ARCHS = armv7;
				WARNING_LDFLAGS = "-no_arch_warnings";
			};
			name = Release;
		};
/* End XCBuildConfiguration section */

/* Begin XCConfigurationList section */
		1D6058960D05DD3E006BFB54 /* Build configuration list for PBXNativeTarget "BabyMonitor" */ = {
			isa = XCConfigurationList;
			buildConfigurations = (
				1D6058940D05DD3E006BFB54 /* Debug */,
				1D6058950D05DD3E006BFB54 /* Release */,
			);
			defaultConfigurationIsVisible = 0;
			defaultConfigurationName = Release;
		};
		C01FCF4E08A954540054247B /* Build configuration list for PBXProject "BabyMonitor" */ = {
			isa = XCConfigurationList;
			buildConfigurations = (
				C01FCF4F08A954540054247B /* Debug */,
				C01FCF5008A954540054247B /* Release */,
			);
			defaultConfigurationIsVisible = 0;
			defaultConfigurationName = Release;
		};
/* End XCConfigurationList section */
	};
	rootObject = 29B97313FDCFA39411CA2CEA /* Project object */;
}
